{
  "lib\\forge-std": {
    "tag": {
      "name": "v1.17.0",
      "rev": "f3dae6e6ee381f25eb6a246f7da9b85c91a68219"
    }
  },
  "lib\\morpho-blue": {
    "tag": {
      "name": "v1.0.0",
      "rev": "55d2d99304fb3fb930c688462ae2ccabb1d533ad"
    }
  },
  "lib\\morpho-blue-irm": {
    "tag": {
      "name": "v1.1.0",
      "rev": "ef5dcceb2463ab98a4d7bfa45b75fbfe8ca4bdb9"
    }
  },
  "lib\\openzeppelin-contracts": {
    "tag": {
      "name": "v5.4.0",
      "rev": "c64a1edb67b6e3f4a15cca8909c9482ad33a02b0"
    }
  },
  "lib/vault-v2": {
    "rev": "30ca75f6ab7dececba31abcc58961994bc062781"
  }
}